
Microsoft Visual Studio Solution File, Format Version 12.00
# Visual Studio 2013
VisualStudioVersion = 12.0.30324.0
MinimumVisualStudioVersion = 10.0.40219.1
Project("{FAE04EC0-301F-11D3-BF4B-00C04F79EFBC}") = "Calculator", "FirstAngular2App\Calculator.csproj", "{47ED5DD6-D782-4C0C-9433-0B26694C2FF8}"
EndProject
Global
	GlobalSection(SolutionConfigurationPlatforms) = preSolution
		Debug|Any CPU = Debug|Any CPU
		Release|Any CPU = Release|Any CPU
	EndGlobalSection
	GlobalSection(ProjectConfigurationPlatforms) = postSolution
		{47ED5DD6-D782-4C0C-9433-0B26694C2FF8}.Debug|Any CPU.ActiveCfg = Debug|Any CPU
		{47ED5DD6-D782-4C0C-9433-0B26694C2FF8}.Debug|Any CPU.Build.0 = Debug|Any CPU
		{47ED5DD6-D782-4C0C-9433-0B26694C2FF8}.Release|Any CPU.ActiveCfg = Release|Any CPU
		{47ED5DD6-D782-4C0C-9433-0B26694C2FF8}.Release|Any CPU.Build.0 = Release|Any CPU
	EndGlobalSection
	GlobalSection(SolutionProperties) = preSolution
		HideSolutionNode = FALSE
	EndGlobalSection
EndGlobal
